<?xml version="1.0" encoding="utf-8"?>
<Project ToolsVersion="4.0" xmlns="http://schemas.microsoft.com/developer/msbuild/2003">
  <ItemGroup>
    <Filter Include="소스 파일">
      <UniqueIdentifier>{4FC737F1-C7A5-4376-A066-2A32D752A2FF}</UniqueIdentifier>
      <Extensions>cpp;c;cc;cxx;def;odl;idl;hpj;bat;asm;asmx</Extensions>
    </Filter>
    <Filter Include="헤더 파일">
      <UniqueIdentifier>{93995380-89BD-4b04-88EB-625FBE52EBFB}</UniqueIdentifier>
      <Extensions>h;hpp;hxx;hm;inl;inc;xsd</Extensions>
    </Filter>
    <Filter Include="리소스 파일">
      <UniqueIdentifier>{67DA6AB6-F800-4c08-8B7A-83BB121AAD01}</UniqueIdentifier>
      <Extensions>rc;ico;cur;bmp;dlg;rc2;rct;bin;rgs;gif;jpg;jpeg;jpe;resx;tiff;tif;png;wav</Extensions>
    </Filter>
  </ItemGroup>
  <ItemGroup>
    <ClCompile Include="ColorStaticST.cpp">
      <Filter>소스 파일</Filter>
    </ClCompile>
    <ClCompile Include="EnvSet.cpp">
      <Filter>소스 파일</Filter>
    </ClCompile>
    <ClCompile Include="FileNew.cpp">
      <Filter>소스 파일</Filter>
    </ClCompile>
    <ClCompile Include="JogButton.cpp">
      <Filter>소스 파일</Filter>
    </ClCompile>
    <ClCompile Include="Led.cpp">
      <Filter>소스 파일</Filter>
    </ClCompile>
    <ClCompile Include="ManualTest.cpp">
      <Filter>소스 파일</Filter>
    </ClCompile>
    <ClCompile Include="ModelSetDlg.cpp">
      <Filter>소스 파일</Filter>
    </ClCompile>
    <ClCompile Include="SAS_1.cpp">
      <Filter>소스 파일</Filter>
    </ClCompile>
    <ClCompile Include="SAS_1Dlg.cpp">
      <Filter>소스 파일</Filter>
    </ClCompile>
    <ClCompile Include="SASAutoTest.cpp">
      <Filter>소스 파일</Filter>
    </ClCompile>
    <ClCompile Include="stdafx.cpp">
      <Filter>소스 파일</Filter>
    </ClCompile>
    <ClCompile Include="TestProc.cpp">
      <Filter>소스 파일</Filter>
    </ClCompile>
    <ClCompile Include="KvaserCan.cpp">
      <Filter>소스 파일</Filter>
    </ClCompile>
    <ClCompile Include="GraphCtrl.cpp">
      <Filter>소스 파일</Filter>
    </ClCompile>
  </ItemGroup>
  <ItemGroup>
    <ClInclude Include="EnvSet.h">
      <Filter>헤더 파일</Filter>
    </ClInclude>
    <ClInclude Include="FileNew.h">
      <Filter>헤더 파일</Filter>
    </ClInclude>
    <ClInclude Include="IODefine_.h">
      <Filter>헤더 파일</Filter>
    </ClInclude>
    <ClInclude Include="JogButton.h">
      <Filter>헤더 파일</Filter>
    </ClInclude>
    <ClInclude Include="ManualTest.h">
      <Filter>헤더 파일</Filter>
    </ClInclude>
    <ClInclude Include="ModelSetDlg.h">
      <Filter>헤더 파일</Filter>
    </ClInclude>
    <ClInclude Include="Resource.h">
      <Filter>헤더 파일</Filter>
    </ClInclude>
    <ClInclude Include="SAS_1.h">
      <Filter>헤더 파일</Filter>
    </ClInclude>
    <ClInclude Include="SAS_1Dlg.h">
      <Filter>헤더 파일</Filter>
    </ClInclude>
    <ClInclude Include="SASAutoTest.h">
      <Filter>헤더 파일</Filter>
    </ClInclude>
    <ClInclude Include="stdafx.h">
      <Filter>헤더 파일</Filter>
    </ClInclude>
    <ClInclude Include="targetver.h">
      <Filter>헤더 파일</Filter>
    </ClInclude>
    <ClInclude Include="GraphCtrl.h">
      <Filter>소스 파일</Filter>
    </ClInclude>
  </ItemGroup>
  <ItemGroup>
    <Image Include="res\SAS_1.ico">
      <Filter>리소스 파일</Filter>
    </Image>
  </ItemGroup>
  <ItemGroup>
    <ResourceCompile Include="SAS_1.rc">
      <Filter>리소스 파일</Filter>
    </ResourceCompile>
  </ItemGroup>
  <ItemGroup>
    <None Include="res\SAS_1.rc2">
      <Filter>리소스 파일</Filter>
    </None>
  </ItemGroup>
  <ItemGroup>
    <Text Include="ReadMe.txt" />
  </ItemGroup>
</Project>